
Microsoft Visual Studio Solution File, Format Version 12.00
# Visual Studio Version 17
VisualStudioVersion = 17.9.34622.214
MinimumVisualStudioVersion = 10.0.40219.1
Project("{9A19103F-16F7-4668-BE54-9A1E7A4F7556}") = "MultiThreading", "MultiThreading\MultiThreading.csproj", "{B19F2284-8009-4FA7-94A9-0F1B01F25CAF}"
EndProject
Project("{9A19103F-16F7-4668-BE54-9A1E7A4F7556}") = "MultiThreading_AsyncAwait", "MultiThreading_AsyncAwait\MultiThreading_AsyncAwait.csproj", "{3A9304DE-AE01-469C-84FC-E1716371B481}"
EndProject
Project("{9A19103F-16F7-4668-BE54-9A1E7A4F7556}") = "MultiThreadingTest", "MultiThreadingTest\MultiThreadingTest.csproj", "{A820B7A0-3462-4013-A032-3C346F019086}"
EndProject
Project("{9A19103F-16F7-4668-BE54-9A1E7A4F7556}") = "LockPractices", "LockPractices\LockPractices.csproj", "{F81E019B-D789-494F-8FA4-E14F2944DE75}"
EndProject
Project("{9A19103F-16F7-4668-BE54-9A1E7A4F7556}") = "IEnumeratorPractice", "IEnumerator\IEnumeratorPractice.csproj", "{C5930266-AEAB-4133-B421-AD7C897CB123}"
EndProject
Project("{FAE04EC0-301F-11D3-BF4B-00C04F79EFBC}") = "RepeatingString", "RepeatingString\RepeatingString.csproj", "{DE915BB9-BFC0-4D0B-ADDC-8181F4BFA072}"
EndProject
Global
	GlobalSection(SolutionConfigurationPlatforms) = preSolution
		Debug|Any CPU = Debug|Any CPU
		Release|Any CPU = Release|Any CPU
	EndGlobalSection
	GlobalSection(ProjectConfigurationPlatforms) = postSolution
		{B19F2284-8009-4FA7-94A9-0F1B01F25CAF}.Debug|Any CPU.ActiveCfg = Debug|Any CPU
		{B19F2284-8009-4FA7-94A9-0F1B01F25CAF}.Debug|Any CPU.Build.0 = Debug|Any CPU
		{B19F2284-8009-4FA7-94A9-0F1B01F25CAF}.Release|Any CPU.ActiveCfg = Release|Any CPU
		{B19F2284-8009-4FA7-94A9-0F1B01F25CAF}.Release|Any CPU.Build.0 = Release|Any CPU
		{3A9304DE-AE01-469C-84FC-E1716371B481}.Debug|Any CPU.ActiveCfg = Debug|Any CPU
		{3A9304DE-AE01-469C-84FC-E1716371B481}.Debug|Any CPU.Build.0 = Debug|Any CPU
		{3A9304DE-AE01-469C-84FC-E1716371B481}.Release|Any CPU.ActiveCfg = Release|Any CPU
		{3A9304DE-AE01-469C-84FC-E1716371B481}.Release|Any CPU.Build.0 = Release|Any CPU
		{A820B7A0-3462-4013-A032-3C346F019086}.Debug|Any CPU.ActiveCfg = Debug|Any CPU
		{A820B7A0-3462-4013-A032-3C346F019086}.Debug|Any CPU.Build.0 = Debug|Any CPU
		{A820B7A0-3462-4013-A032-3C346F019086}.Release|Any CPU.ActiveCfg = Release|Any CPU
		{A820B7A0-3462-4013-A032-3C346F019086}.Release|Any CPU.Build.0 = Release|Any CPU
		{F81E019B-D789-494F-8FA4-E14F2944DE75}.Debug|Any CPU.ActiveCfg = Debug|Any CPU
		{F81E019B-D789-494F-8FA4-E14F2944DE75}.Debug|Any CPU.Build.0 = Debug|Any CPU
		{F81E019B-D789-494F-8FA4-E14F2944DE75}.Release|Any CPU.ActiveCfg = Release|Any CPU
		{F81E019B-D789-494F-8FA4-E14F2944DE75}.Release|Any CPU.Build.0 = Release|Any CPU
		{C5930266-AEAB-4133-B421-AD7C897CB123}.Debug|Any CPU.ActiveCfg = Debug|Any CPU
		{C5930266-AEAB-4133-B421-AD7C897CB123}.Debug|Any CPU.Build.0 = Debug|Any CPU
		{C5930266-AEAB-4133-B421-AD7C897CB123}.Release|Any CPU.ActiveCfg = Release|Any CPU
		{C5930266-AEAB-4133-B421-AD7C897CB123}.Release|Any CPU.Build.0 = Release|Any CPU
		{DE915BB9-BFC0-4D0B-ADDC-8181F4BFA072}.Debug|Any CPU.ActiveCfg = Debug|Any CPU
		{DE915BB9-BFC0-4D0B-ADDC-8181F4BFA072}.Debug|Any CPU.Build.0 = Debug|Any CPU
		{DE915BB9-BFC0-4D0B-ADDC-8181F4BFA072}.Release|Any CPU.ActiveCfg = Release|Any CPU
		{DE915BB9-BFC0-4D0B-ADDC-8181F4BFA072}.Release|Any CPU.Build.0 = Release|Any CPU
	EndGlobalSection
	GlobalSection(SolutionProperties) = preSolution
		HideSolutionNode = FALSE
	EndGlobalSection
	GlobalSection(ExtensibilityGlobals) = postSolution
		SolutionGuid = {064CDA92-2903-4E90-9C86-3E4314034542}
	EndGlobalSection
EndGlobal
